
Microsoft Visual Studio Solution File, Format Version 12.00
# Visual Studio Version 17
VisualStudioVersion = 17.6.33723.286
MinimumVisualStudioVersion = 10.0.40219.1
Project("{9A19103F-16F7-4668-BE54-9A1E7A4F7556}") = "ML_Stocks", "ML_Stocks\ML_Stocks.csproj", "{2988120F-B419-4D3C-B5CE-8075EA8F709A}"
EndProject
Global
	GlobalSection(SolutionConfigurationPlatforms) = preSolution
		Debug|Any CPU = Debug|Any CPU
		Release|Any CPU = Release|Any CPU
	EndGlobalSection
	GlobalSection(ProjectConfigurationPlatforms) = postSolution
		{2988120F-B419-4D3C-B5CE-8075EA8F709A}.Debug|Any CPU.ActiveCfg = Debug|Any CPU
		{2988120F-B419-4D3C-B5CE-8075EA8F709A}.Debug|Any CPU.Build.0 = Debug|Any CPU
		{2988120F-B419-4D3C-B5CE-8075EA8F709A}.Release|Any CPU.ActiveCfg = Release|Any CPU
		{2988120F-B419-4D3C-B5CE-8075EA8F709A}.Release|Any CPU.Build.0 = Release|Any CPU
	EndGlobalSection
	GlobalSection(SolutionProperties) = preSolution
		HideSolutionNode = FALSE
	EndGlobalSection
	GlobalSection(ExtensibilityGlobals) = postSolution
		SolutionGuid = {C309A22C-7648-4158-AFB5-DAB18A778B26}
	EndGlobalSection
EndGlobal
